// !$*UTF8*$!
{
	archiveVersion = 1;
	classes = {
	};
	objectVersion = 56;
	objects = {

/* Begin PBXBuildFile section */
		D87BFEB72DD7C82B00A2C327 /* Week_2App.swift in Sources */ = {isa = PBXBuildFile; fileRef = D87BFEB62DD7C82B00A2C327 /* Week_2App.swift */; };
		D87BFEB92DD7C82B00A2C327 /* ContentView.swift in Sources */ = {isa = PBXBuildFile; fileRef = D87BFEB82DD7C82B00A2C327 /* ContentView.swift */; };
		D87BFEBB2DD7C82D00A2C327 /* Assets.xcassets in Resources */ = {isa = PBXBuildFile; fileRef = D87BFEBA2DD7C82D00A2C327 /* Assets.xcassets */; };
		D87BFEBF2DD7C82D00A2C327 /* Preview Assets.xcassets in Resources */ = {isa = PBXBuildFile; fileRef = D87BFEBE2DD7C82D00A2C327 /* Preview Assets.xcassets */; };
		D87BFEC92DD7C82E00A2C327 /* Week_2Tests.swift in Sources */ = {isa = PBXBuildFile; fileRef = D87BFEC82DD7C82E00A2C327 /* Week_2Tests.swift */; };
		D87BFED32DD7C82E00A2C327 /* Week_2UITests.swift in Sources */ = {isa = PBXBuildFile; fileRef = D87BFED22DD7C82E00A2C327 /* Week_2UITests.swift */; };
		D87BFED52DD7C82E00A2C327 /* Week_2UITestsLaunchTests.swift in Sources */ = {isa = PBXBuildFile; fileRef = D87BFED42DD7C82E00A2C327 /* Week_2UITestsLaunchTests.swift */; };
/* End PBXBuildFile section */

/* Begin PBXContainerItemProxy section */
		D87BFEC52DD7C82D00A2C327 /* PBXContainerItemProxy */ = {
			isa = PBXContainerItemProxy;
			containerPortal = D87BFEAB2DD7C82B00A2C327 /* Project object */;
			proxyType = 1;
			remoteGlobalIDString = D87BFEB22DD7C82B00A2C327;
			remoteInfo = Week_2;
		};
		D87BFECF2DD7C82E00A2C327 /* PBXContainerItemProxy */ = {
			isa = PBXContainerItemProxy;
			containerPortal = D87BFEAB2DD7C82B00A2C327 /* Project object */;
			proxyType = 1;
			remoteGlobalIDString = D87BFEB22DD7C82B00A2C327;
			remoteInfo = Week_2;
		};
/* End PBXContainerItemProxy section */

/* Begin PBXFileReference section */
		D87BFEB32DD7C82B00A2C327 /* Week_2.app */ = {isa = PBXFileReference; explicitFileType = wrapper.application; includeInIndex = 0; path = Week_2.app; sourceTree = BUILT_PRODUCTS_DIR; };
		D87BFEB62DD7C82B00A2C327 /* Week_2App.swift */ = {isa = PBXFileReference; lastKnownFileType = sourcecode.swift; path = Week_2App.swift; sourceTree = "<group>"; };
		D87BFEB82DD7C82B00A2C327 /* ContentView.swift */ = {isa = PBXFileReference; lastKnownFileType = sourcecode.swift; path = ContentView.swift; sourceTree = "<group>"; };
		D87BFEBA2DD7C82D00A2C327 /* Assets.xcassets */ = {isa = PBXFileReference; lastKnownFileType = folder.assetcatalog; path = Assets.xcassets; sourceTree = "<group>"; };
		D87BFEBC2DD7C82D00A2C327 /* Week_2.entitlements */ = {isa = PBXFileReference; lastKnownFileType = text.plist.entitlements; path = Week_2.entitlements; sourceTree = "<group>"; };
		D87BFEBE2DD7C82D00A2C327 /* Preview Assets.xcassets */ = {isa = PBXFileReference; lastKnownFileType = folder.assetcatalog; path = "Preview Assets.xcassets"; sourceTree = "<group>"; };
		D87BFEC42DD7C82D00A2C327 /* Week_2Tests.xctest */ = {isa = PBXFileReference; explicitFileType = wrapper.cfbundle; includeInIndex = 0; path = Week_2Tests.xctest; sourceTree = BUILT_PRODUCTS_DIR; };
		D87BFEC82DD7C82E00A2C327 /* Week_2Tests.swift */ = {isa = PBXFileReference; lastKnownFileType = sourcecode.swift; path = Week_2Tests.swift; sourceTree = "<group>"; };
		D87BFECE2DD7C82E00A2C327 /* Week_2UITests.xctest */ = {isa = PBXFileReference; explicitFileType = wrapper.cfbundle; includeInIndex = 0; path = Week_2UITests.xctest; sourceTree = BUILT_PRODUCTS_DIR; };
		D87BFED22DD7C82E00A2C327 /* Week_2UITests.swift */ = {isa = PBXFileReference; lastKnownFileType = sourcecode.swift; path = Week_2UITests.swift; sourceTree = "<group>"; };
		D87BFED42DD7C82E00A2C327 /* Week_2UITestsLaunchTests.swift */ = {isa = PBXFileReference; lastKnownFileType = sourcecode.swift; path = Week_2UITestsLaunchTests.swift; sourceTree = "<group>"; };
/* End PBXFileReference section */

/* Begin PBXFrameworksBuildPhase section */
		D87BFEB02DD7C82B00A2C327 /* Frameworks */ = {
			isa = PBXFrameworksBuildPhase;
			buildActionMask = 2147483647;
			files = (
			);
			runOnlyForDeploymentPostprocessing = 0;
		};
		D87BFEC12DD7C82D00A2C327 /* Frameworks */ = {
			isa = PBXFrameworksBuildPhase;
			buildActionMask = 2147483647;
			files = (
			);
			runOnlyForDeploymentPostprocessing = 0;
		};
		D87BFECB2DD7C82E00A2C327 /* Frameworks */ = {
			isa = PBXFrameworksBuildPhase;
			buildActionMask = 2147483647;
			files = (
			);
			runOnlyForDeploymentPostprocessing = 0;
		};
/* End PBXFrameworksBuildPhase section */

/* Begin PBXGroup section */
		D87BFEAA2DD7C82B00A2C327 = {
			isa = PBXGroup;
			children = (
				D87BFEB52DD7C82B00A2C327 /* Week_2 */,
				D87BFEC72DD7C82E00A2C327 /* Week_2Tests */,
				D87BFED12DD7C82E00A2C327 /* Week_2UITests */,
				D87BFEB42DD7C82B00A2C327 /* Products */,
			);
			sourceTree = "<group>";
		};
		D87BFEB42DD7C82B00A2C327 /* Products */ = {
			isa = PBXGroup;
			children = (
				D87BFEB32DD7C82B00A2C327 /* Week_2.app */,
				D87BFEC42DD7C82D00A2C327 /* Week_2Tests.xctest */,
				D87BFECE2DD7C82E00A2C327 /* Week_2UITests.xctest */,
			);
			name = Products;
			sourceTree = "<group>";
		};
		D87BFEB52DD7C82B00A2C327 /* Week_2 */ = {
			isa = PBXGroup;
			children = (
				D87BFEB62DD7C82B00A2C327 /* Week_2App.swift */,
				D87BFEB82DD7C82B00A2C327 /* ContentView.swift */,
				D87BFEBA2DD7C82D00A2C327 /* Assets.xcassets */,
				D87BFEBC2DD7C82D00A2C327 /* Week_2.entitlements */,
				D87BFEBD2DD7C82D00A2C327 /* Preview Content */,
			);
			path = Week_2;
			sourceTree = "<group>";
		};
		D87BFEBD2DD7C82D00A2C327 /* Preview Content */ = {
			isa = PBXGroup;
			children = (
				D87BFEBE2DD7C82D00A2C327 /* Preview Assets.xcassets */,
			);
			path = "Preview Content";
			sourceTree = "<group>";
		};
		D87BFEC72DD7C82E00A2C327 /* Week_2Tests */ = {
			isa = PBXGroup;
			children = (
				D87BFEC82DD7C82E00A2C327 /* Week_2Tests.swift */,
			);
			path = Week_2Tests;
			sourceTree = "<group>";
		};
		D87BFED12DD7C82E00A2C327 /* Week_2UITests */ = {
			isa = PBXGroup;
			children = (
				D87BFED22DD7C82E00A2C327 /* Week_2UITests.swift */,
				D87BFED42DD7C82E00A2C327 /* Week_2UITestsLaunchTests.swift */,
			);
			path = Week_2UITests;
			sourceTree = "<group>";
		};
/* End PBXGroup section */

/* Begin PBXNativeTarget section */
		D87BFEB22DD7C82B00A2C327 /* Week_2 */ = {
			isa = PBXNativeTarget;
			buildConfigurationList = D87BFED82DD7C82E00A2C327 /* Build configuration list for PBXNativeTarget "Week_2" */;
			buildPhases = (
				D87BFEAF2DD7C82B00A2C327 /* Sources */,
				D87BFEB02DD7C82B00A2C327 /* Frameworks */,
				D87BFEB12DD7C82B00A2C327 /* Resources */,
			);
			buildRules = (
			);
			dependencies = (
			);
			name = Week_2;
			productName = Week_2;
			productReference = D87BFEB32DD7C82B00A2C327 /* Week_2.app */;
			productType = "com.apple.product-type.application";
		};
		D87BFEC32DD7C82D00A2C327 /* Week_2Tests */ = {
			isa = PBXNativeTarget;
			buildConfigurationList = D87BFEDB2DD7C82E00A2C327 /* Build configuration list for PBXNativeTarget "Week_2Tests" */;
			buildPhases = (
				D87BFEC02DD7C82D00A2C327 /* Sources */,
				D87BFEC12DD7C82D00A2C327 /* Frameworks */,
				D87BFEC22DD7C82D00A2C327 /* Resources */,
			);
			buildRules = (
			);
			dependencies = (
				D87BFEC62DD7C82D00A2C327 /* PBXTargetDependency */,
			);
			name = Week_2Tests;
			productName = Week_2Tests;
			productReference = D87BFEC42DD7C82D00A2C327 /* Week_2Tests.xctest */;
			productType = "com.apple.product-type.bundle.unit-test";
		};
		D87BFECD2DD7C82E00A2C327 /* Week_2UITests */ = {
			isa = PBXNativeTarget;
			buildConfigurationList = D87BFEDE2DD7C82E00A2C327 /* Build configuration list for PBXNativeTarget "Week_2UITests" */;
			buildPhases = (
				D87BFECA2DD7C82E00A2C327 /* Sources */,
				D87BFECB2DD7C82E00A2C327 /* Frameworks */,
				D87BFECC2DD7C82E00A2C327 /* Resources */,
			);
			buildRules = (
			);
			dependencies = (
				D87BFED02DD7C82E00A2C327 /* PBXTargetDependency */,
			);
			name = Week_2UITests;
			productName = Week_2UITests;
			productReference = D87BFECE2DD7C82E00A2C327 /* Week_2UITests.xctest */;
			productType = "com.apple.product-type.bundle.ui-testing";
		};
/* End PBXNativeTarget section */

/* Begin PBXProject section */
		D87BFEAB2DD7C82B00A2C327 /* Project object */ = {
			isa = PBXProject;
			attributes = {
				BuildIndependentTargetsInParallel = 1;
				LastSwiftUpdateCheck = 1540;
				LastUpgradeCheck = 1540;
				TargetAttributes = {
					D87BFEB22DD7C82B00A2C327 = {
						CreatedOnToolsVersion = 15.4;
					};
					D87BFEC32DD7C82D00A2C327 = {
						CreatedOnToolsVersion = 15.4;
						TestTargetID = D87BFEB22DD7C82B00A2C327;
					};
					D87BFECD2DD7C82E00A2C327 = {
						CreatedOnToolsVersion = 15.4;
						TestTargetID = D87BFEB22DD7C82B00A2C327;
					};
				};
			};
			buildConfigurationList = D87BFEAE2DD7C82B00A2C327 /* Build configuration list for PBXProject "Week_2" */;
			compatibilityVersion = "Xcode 14.0";
			developmentRegion = en;
			hasScannedForEncodings = 0;
			knownRegions = (
				en,
				Base,
			);
			mainGroup = D87BFEAA2DD7C82B00A2C327;
			productRefGroup = D87BFEB42DD7C82B00A2C327 /* Products */;
			projectDirPath = "";
			projectRoot = "";
			targets = (
				D87BFEB22DD7C82B00A2C327 /* Week_2 */,
				D87BFEC32DD7C82D00A2C327 /* Week_2Tests */,
				D87BFECD2DD7C82E00A2C327 /* Week_2UITests */,
			);
		};
/* End PBXProject section */

/* Begin PBXResourcesBuildPhase section */
		D87BFEB12DD7C82B00A2C327 /* Resources */ = {
			isa = PBXResourcesBuildPhase;
			buildActionMask = 2147483647;
			files = (
				D87BFEBF2DD7C82D00A2C327 /* Preview Assets.xcassets in Resources */,
				D87BFEBB2DD7C82D00A2C327 /* Assets.xcassets in Resources */,
			);
			runOnlyForDeploymentPostprocessing = 0;
		};
		D87BFEC22DD7C82D00A2C327 /* Resources */ = {
			isa = PBXResourcesBuildPhase;
			buildActionMask = 2147483647;
			files = (
			);
			runOnlyForDeploymentPostprocessing = 0;
		};
		D87BFECC2DD7C82E00A2C327 /* Resources */ = {
			isa = PBXResourcesBuildPhase;
			buildActionMask = 2147483647;
			files = (
			);
			runOnlyForDeploymentPostprocessing = 0;
		};
/* End PBXResourcesBuildPhase section */

/* Begin PBXSourcesBuildPhase section */
		D87BFEAF2DD7C82B00A2C327 /* Sources */ = {
			isa = PBXSourcesBuildPhase;
			buildActionMask = 2147483647;
			files = (
				D87BFEB92DD7C82B00A2C327 /* ContentView.swift in Sources */,
				D87BFEB72DD7C82B00A2C327 /* Week_2App.swift in Sources */,
			);
			runOnlyForDeploymentPostprocessing = 0;
		};
		D87BFEC02DD7C82D00A2C327 /* Sources */ = {
			isa = PBXSourcesBuildPhase;
			buildActionMask = 2147483647;
			files = (
				D87BFEC92DD7C82E00A2C327 /* Week_2Tests.swift in Sources */,
			);
			runOnlyForDeploymentPostprocessing = 0;
		};
		D87BFECA2DD7C82E00A2C327 /* Sources */ = {
			isa = PBXSourcesBuildPhase;
			buildActionMask = 2147483647;
			files = (
				D87BFED32DD7C82E00A2C327 /* Week_2UITests.swift in Sources */,
				D87BFED52DD7C82E00A2C327 /* Week_2UITestsLaunchTests.swift in Sources */,
			);
			runOnlyForDeploymentPostprocessing = 0;
		};
/* End PBXSourcesBuildPhase section */

/* Begin PBXTargetDependency section */
		D87BFEC62DD7C82D00A2C327 /* PBXTargetDependency */ = {
			isa = PBXTargetDependency;
			target = D87BFEB22DD7C82B00A2C327 /* Week_2 */;
			targetProxy = D87BFEC52DD7C82D00A2C327 /* PBXContainerItemProxy */;
		};
		D87BFED02DD7C82E00A2C327 /* PBXTargetDependency */ = {
			isa = PBXTargetDependency;
			target = D87BFEB22DD7C82B00A2C327 /* Week_2 */;
			targetProxy = D87BFECF2DD7C82E00A2C327 /* PBXContainerItemProxy */;
		};
/* End PBXTargetDependency section */

/* Begin XCBuildConfiguration section */
		D87BFED62DD7C82E00A2C327 /* Debug */ = {
			isa = XCBuildConfiguration;
			buildSettings = {
				ALWAYS_SEARCH_USER_PATHS = NO;
				ASSETCATALOG_COMPILER_GENERATE_SWIFT_ASSET_SYMBOL_EXTENSIONS = YES;
				CLANG_ANALYZER_NONNULL = YES;
				CLANG_ANALYZER_NUMBER_OBJECT_CONVERSION = YES_AGGRESSIVE;
				CLANG_CXX_LANGUAGE_STANDARD = "gnu++20";
				CLANG_ENABLE_MODULES = YES;
				CLANG_ENABLE_OBJC_ARC = YES;
				CLANG_ENABLE_OBJC_WEAK = YES;
				CLANG_WARN_BLOCK_CAPTURE_AUTORELEASING = YES;
				CLANG_WARN_BOOL_CONVERSION = YES;
				CLANG_WARN_COMMA = YES;
				CLANG_WARN_CONSTANT_CONVERSION = YES;
				CLANG_WARN_DEPRECATED_OBJC_IMPLEMENTATIONS = YES;
				CLANG_WARN_DIRECT_OBJC_ISA_USAGE = YES_ERROR;
				CLANG_WARN_DOCUMENTATION_COMMENTS = YES;
				CLANG_WARN_EMPTY_BODY = YES;
				CLANG_WARN_ENUM_CONVERSION = YES;
				CLANG_WARN_INFINITE_RECURSION = YES;
				CLANG_WARN_INT_CONVERSION = YES;
				CLANG_WARN_NON_LITERAL_NULL_CONVERSION = YES;
				CLANG_WARN_OBJC_IMPLICIT_RETAIN_SELF = YES;
				CLANG_WARN_OBJC_LITERAL_CONVERSION = YES;
				CLANG_WARN_OBJC_ROOT_CLASS = YES_ERROR;
				CLANG_WARN_QUOTED_INCLUDE_IN_FRAMEWORK_HEADER = YES;
				CLANG_WARN_RANGE_LOOP_ANALYSIS = YES;
				CLANG_WARN_STRICT_PROTOTYPES = YES;
				CLANG_WARN_SUSPICIOUS_MOVE = YES;
				CLANG_WARN_UNGUARDED_AVAILABILITY = YES_AGGRESSIVE;
				CLANG_WARN_UNREACHABLE_CODE = YES;
				CLANG_WARN__DUPLICATE_METHOD_MATCH = YES;
				COPY_PHASE_STRIP = NO;
				DEBUG_INFORMATION_FORMAT = dwarf;
				ENABLE_STRICT_OBJC_MSGSEND = YES;
				ENABLE_TESTABILITY = YES;
				ENABLE_USER_SCRIPT_SANDBOXING = YES;
				GCC_C_LANGUAGE_STANDARD = gnu17;
				GCC_DYNAMIC_NO_PIC = NO;
				GCC_NO_COMMON_BLOCKS = YES;
				GCC_OPTIMIZATION_LEVEL = 0;
				GCC_PREPROCESSOR_DEFINITIONS = (
					"DEBUG=1",
					"$(inherited)",
				);
				GCC_WARN_64_TO_32_BIT_CONVERSION = YES;
				GCC_WARN_ABOUT_RETURN_TYPE = YES_ERROR;
				GCC_WARN_UNDECLARED_SELECTOR = YES;
				GCC_WARN_UNINITIALIZED_AUTOS = YES_AGGRESSIVE;
				GCC_WARN_UNUSED_FUNCTION = YES;
				GCC_WARN_UNUSED_VARIABLE = YES;
				LOCALIZATION_PREFERS_STRING_CATALOGS = YES;
				MTL_ENABLE_DEBUG_INFO = INCLUDE_SOURCE;
				MTL_FAST_MATH = YES;
				ONLY_ACTIVE_ARCH = YES;
				SWIFT_ACTIVE_COMPILATION_CONDITIONS = "DEBUG $(inherited)";
				SWIFT_OPTIMIZATION_LEVEL = "-Onone";
			};
			name = Debug;
		};
		D87BFED72DD7C82E00A2C327 /* Release */ = {
			isa = XCBuildConfiguration;
			buildSettings = {
				ALWAYS_SEARCH_USER_PATHS = NO;
				ASSETCATALOG_COMPILER_GENERATE_SWIFT_ASSET_SYMBOL_EXTENSIONS = YES;
				CLANG_ANALYZER_NONNULL = YES;
				CLANG_ANALYZER_NUMBER_OBJECT_CONVERSION = YES_AGGRESSIVE;
				CLANG_CXX_LANGUAGE_STANDARD = "gnu++20";
				CLANG_ENABLE_MODULES = YES;
				CLANG_ENABLE_OBJC_ARC = YES;
				CLANG_ENABLE_OBJC_WEAK = YES;
				CLANG_WARN_BLOCK_CAPTURE_AUTORELEASING = YES;
				CLANG_WARN_BOOL_CONVERSION = YES;
				CLANG_WARN_COMMA = YES;
				CLANG_WARN_CONSTANT_CONVERSION = YES;
				CLANG_WARN_DEPRECATED_OBJC_IMPLEMENTATIONS = YES;
				CLANG_WARN_DIRECT_OBJC_ISA_USAGE = YES_ERROR;
				CLANG_WARN_DOCUMENTATION_COMMENTS = YES;
				CLANG_WARN_EMPTY_BODY = YES;
				CLANG_WARN_ENUM_CONVERSION = YES;
				CLANG_WARN_INFINITE_RECURSION = YES;
				CLANG_WARN_INT_CONVERSION = YES;
				CLANG_WARN_NON_LITERAL_NULL_CONVERSION = YES;
				CLANG_WARN_OBJC_IMPLICIT_RETAIN_SELF = YES;
				CLANG_WARN_OBJC_LITERAL_CONVERSION = YES;
				CLANG_WARN_OBJC_ROOT_CLASS = YES_ERROR;
				CLANG_WARN_QUOTED_INCLUDE_IN_FRAMEWORK_HEADER = YES;
				CLANG_WARN_RANGE_LOOP_ANALYSIS = YES;
				CLANG_WARN_STRICT_PROTOTYPES = YES;
				CLANG_WARN_SUSPICIOUS_MOVE = YES;
				CLANG_WARN_UNGUARDED_AVAILABILITY = YES_AGGRESSIVE;
				CLANG_WARN_UNREACHABLE_CODE = YES;
				CLANG_WARN__DUPLICATE_METHOD_MATCH = YES;
				COPY_PHASE_STRIP = NO;
				DEBUG_INFORMATION_FORMAT = "dwarf-with-dsym";
				ENABLE_NS_ASSERTIONS = NO;
				ENABLE_STRICT_OBJC_MSGSEND = YES;
				ENABLE_USER_SCRIPT_SANDBOXING = YES;
				GCC_C_LANGUAGE_STANDARD = gnu17;
				GCC_NO_COMMON_BLOCKS = YES;
				GCC_WARN_64_TO_32_BIT_CONVERSION = YES;
				GCC_WARN_ABOUT_RETURN_TYPE = YES_ERROR;
				GCC_WARN_UNDECLARED_SELECTOR = YES;
				GCC_WARN_UNINITIALIZED_AUTOS = YES_AGGRESSIVE;
				GCC_WARN_UNUSED_FUNCTION = YES;
				GCC_WARN_UNUSED_VARIABLE = YES;
				LOCALIZATION_PREFERS_STRING_CATALOGS = YES;
				MTL_ENABLE_DEBUG_INFO = NO;
				MTL_FAST_MATH = YES;
				SWIFT_COMPILATION_MODE = wholemodule;
			};
			name = Release;
		};
		D87BFED92DD7C82E00A2C327 /* Debug */ = {
			isa = XCBuildConfiguration;
			buildSettings = {
				ASSETCATALOG_COMPILER_APPICON_NAME = AppIcon;
				ASSETCATALOG_COMPILER_GLOBAL_ACCENT_COLOR_NAME = AccentColor;
				CODE_SIGN_ENTITLEMENTS = Week_2/Week_2.entitlements;
				CODE_SIGN_STYLE = Automatic;
				CURRENT_PROJECT_VERSION = 1;
				DEVELOPMENT_ASSET_PATHS = "\"Week_2/Preview Content\"";
				ENABLE_PREVIEWS = YES;
				GENERATE_INFOPLIST_FILE = YES;
				"INFOPLIST_KEY_UIApplicationSceneManifest_Generation[sdk=iphoneos*]" = YES;
				"INFOPLIST_KEY_UIApplicationSceneManifest_Generation[sdk=iphonesimulator*]" = YES;
				"INFOPLIST_KEY_UIApplicationSupportsIndirectInputEvents[sdk=iphoneos*]" = YES;
				"INFOPLIST_KEY_UIApplicationSupportsIndirectInputEvents[sdk=iphonesimulator*]" = YES;
				"INFOPLIST_KEY_UILaunchScreen_Generation[sdk=iphoneos*]" = YES;
				"INFOPLIST_KEY_UILaunchScreen_Generation[sdk=iphonesimulator*]" = YES;
				"INFOPLIST_KEY_UIStatusBarStyle[sdk=iphoneos*]" = UIStatusBarStyleDefault;
				"INFOPLIST_KEY_UIStatusBarStyle[sdk=iphonesimulator*]" = UIStatusBarStyleDefault;
				INFOPLIST_KEY_UISupportedInterfaceOrientations_iPad = "UIInterfaceOrientationPortrait UIInterfaceOrientationPortraitUpsideDown UIInterfaceOrientationLandscapeLeft UIInterfaceOrientationLandscapeRight";
				INFOPLIST_KEY_UISupportedInterfaceOrientations_iPhone = "UIInterfaceOrientationPortrait UIInterfaceOrientationLandscapeLeft UIInterfaceOrientationLandscapeRight";
				IPHONEOS_DEPLOYMENT_TARGET = 17.5;
				LD_RUNPATH_SEARCH_PATHS = "@executable_path/Frameworks";
				"LD_RUNPATH_SEARCH_PATHS[sdk=macosx*]" = "@executable_path/../Frameworks";
				MACOSX_DEPLOYMENT_TARGET = 14.5;
				MARKETING_VERSION = 1.0;
				PRODUCT_BUNDLE_IDENTIFIER = "humber.ca.Week-2";
				PRODUCT_NAME = "$(TARGET_NAME)";
				SDKROOT = auto;
				SUPPORTED_PLATFORMS = "iphoneos iphonesimulator macosx";
				SWIFT_EMIT_LOC_STRINGS = YES;
				SWIFT_VERSION = 5.0;
				TARGETED_DEVICE_FAMILY = "1,2";
			};
			name = Debug;
		};
		D87BFEDA2DD7C82E00A2C327 /* Release */ = {
			isa = XCBuildConfiguration;
			buildSettings = {
				ASSETCATALOG_COMPILER_APPICON_NAME = AppIcon;
				ASSETCATALOG_COMPILER_GLOBAL_ACCENT_COLOR_NAME = AccentColor;
				CODE_SIGN_ENTITLEMENTS = Week_2/Week_2.entitlements;
				CODE_SIGN_STYLE = Automatic;
				CURRENT_PROJECT_VERSION = 1;
				DEVELOPMENT_ASSET_PATHS = "\"Week_2/Preview Content\"";
				ENABLE_PREVIEWS = YES;
				GENERATE_INFOPLIST_FILE = YES;
				"INFOPLIST_KEY_UIApplicationSceneManifest_Generation[sdk=iphoneos*]" = YES;
				"INFOPLIST_KEY_UIApplicationSceneManifest_Generation[sdk=iphonesimulator*]" = YES;
				"INFOPLIST_KEY_UIApplicationSupportsIndirectInputEvents[sdk=iphoneos*]" = YES;
				"INFOPLIST_KEY_UIApplicationSupportsIndirectInputEvents[sdk=iphonesimulator*]" = YES;
				"INFOPLIST_KEY_UILaunchScreen_Generation[sdk=iphoneos*]" = YES;
				"INFOPLIST_KEY_UILaunchScreen_Generation[sdk=iphonesimulator*]" = YES;
				"INFOPLIST_KEY_UIStatusBarStyle[sdk=iphoneos*]" = UIStatusBarStyleDefault;
				"INFOPLIST_KEY_UIStatusBarStyle[sdk=iphonesimulator*]" = UIStatusBarStyleDefault;
				INFOPLIST_KEY_UISupportedInterfaceOrientations_iPad = "UIInterfaceOrientationPortrait UIInterfaceOrientationPortraitUpsideDown UIInterfaceOrientationLandscapeLeft UIInterfaceOrientationLandscapeRight";
				INFOPLIST_KEY_UISupportedInterfaceOrientations_iPhone = "UIInterfaceOrientationPortrait UIInterfaceOrientationLandscapeLeft UIInterfaceOrientationLandscapeRight";
				IPHONEOS_DEPLOYMENT_TARGET = 17.5;
				LD_RUNPATH_SEARCH_PATHS = "@executable_path/Frameworks";
				"LD_RUNPATH_SEARCH_PATHS[sdk=macosx*]" = "@executable_path/../Frameworks";
				MACOSX_DEPLOYMENT_TARGET = 14.5;
				MARKETING_VERSION = 1.0;
				PRODUCT_BUNDLE_IDENTIFIER = "humber.ca.Week-2";
				PRODUCT_NAME = "$(TARGET_NAME)";
				SDKROOT = auto;
				SUPPORTED_PLATFORMS = "iphoneos iphonesimulator macosx";
				SWIFT_EMIT_LOC_STRINGS = YES;
				SWIFT_VERSION = 5.0;
				TARGETED_DEVICE_FAMILY = "1,2";
			};
			name = Release;
		};
		D87BFEDC2DD7C82E00A2C327 /* Debug */ = {
			isa = XCBuildConfiguration;
			buildSettings = {
				ALWAYS_EMBED_SWIFT_STANDARD_LIBRARIES = YES;
				BUNDLE_LOADER = "$(TEST_HOST)";
				CODE_SIGN_STYLE = Automatic;
				CURRENT_PROJECT_VERSION = 1;
				GENERATE_INFOPLIST_FILE = YES;
				IPHONEOS_DEPLOYMENT_TARGET = 17.5;
				MACOSX_DEPLOYMENT_TARGET = 14.5;
				MARKETING_VERSION = 1.0;
				PRODUCT_BUNDLE_IDENTIFIER = "humber.ca.Week-2Tests";
				PRODUCT_NAME = "$(TARGET_NAME)";
				SDKROOT = auto;
				SUPPORTED_PLATFORMS = "iphoneos iphonesimulator macosx";
				SWIFT_EMIT_LOC_STRINGS = NO;
				SWIFT_VERSION = 5.0;
				TARGETED_DEVICE_FAMILY = "1,2";
				TEST_HOST = "$(BUILT_PRODUCTS_DIR)/Week_2.app/$(BUNDLE_EXECUTABLE_FOLDER_PATH)/Week_2";
			};
			name = Debug;
		};
		D87BFEDD2DD7C82E00A2C327 /* Release */ = {
			isa = XCBuildConfiguration;
			buildSettings = {
				ALWAYS_EMBED_SWIFT_STANDARD_LIBRARIES = YES;
				BUNDLE_LOADER = "$(TEST_HOST)";
				CODE_SIGN_STYLE = Automatic;
				CURRENT_PROJECT_VERSION = 1;
				GENERATE_INFOPLIST_FILE = YES;
				IPHONEOS_DEPLOYMENT_TARGET = 17.5;
				MACOSX_DEPLOYMENT_TARGET = 14.5;
				MARKETING_VERSION = 1.0;
				PRODUCT_BUNDLE_IDENTIFIER = "humber.ca.Week-2Tests";
				PRODUCT_NAME = "$(TARGET_NAME)";
				SDKROOT = auto;
				SUPPORTED_PLATFORMS = "iphoneos iphonesimulator macosx";
				SWIFT_EMIT_LOC_STRINGS = NO;
				SWIFT_VERSION = 5.0;
				TARGETED_DEVICE_FAMILY = "1,2";
				TEST_HOST = "$(BUILT_PRODUCTS_DIR)/Week_2.app/$(BUNDLE_EXECUTABLE_FOLDER_PATH)/Week_2";
			};
			name = Release;
		};
		D87BFEDF2DD7C82E00A2C327 /* Debug */ = {
			isa = XCBuildConfiguration;
			buildSettings = {
				ALWAYS_EMBED_SWIFT_STANDARD_LIBRARIES = YES;
				CODE_SIGN_STYLE = Automatic;
				CURRENT_PROJECT_VERSION = 1;
				GENERATE_INFOPLIST_FILE = YES;
				IPHONEOS_DEPLOYMENT_TARGET = 17.5;
				MACOSX_DEPLOYMENT_TARGET = 14.5;
				MARKETING_VERSION = 1.0;
				PRODUCT_BUNDLE_IDENTIFIER = "humber.ca.Week-2UITests";
				PRODUCT_NAME = "$(TARGET_NAME)";
				SDKROOT = auto;
				SUPPORTED_PLATFORMS = "iphoneos iphonesimulator macosx";
				SWIFT_EMIT_LOC_STRINGS = NO;
				SWIFT_VERSION = 5.0;
				TARGETED_DEVICE_FAMILY = "1,2";
				TEST_TARGET_NAME = Week_2;
			};
			name = Debug;
		};
		D87BFEE02DD7C82E00A2C327 /* Release */ = {
			isa = XCBuildConfiguration;
			buildSettings = {
				ALWAYS_EMBED_SWIFT_STANDARD_LIBRARIES = YES;
				CODE_SIGN_STYLE = Automatic;
				CURRENT_PROJECT_VERSION = 1;
				GENERATE_INFOPLIST_FILE = YES;
				IPHONEOS_DEPLOYMENT_TARGET = 17.5;
				MACOSX_DEPLOYMENT_TARGET = 14.5;
				MARKETING_VERSION = 1.0;
				PRODUCT_BUNDLE_IDENTIFIER = "humber.ca.Week-2UITests";
				PRODUCT_NAME = "$(TARGET_NAME)";
				SDKROOT = auto;
				SUPPORTED_PLATFORMS = "iphoneos iphonesimulator macosx";
				SWIFT_EMIT_LOC_STRINGS = NO;
				SWIFT_VERSION = 5.0;
				TARGETED_DEVICE_FAMILY = "1,2";
				TEST_TARGET_NAME = Week_2;
			};
			name = Release;
		};
/* End XCBuildConfiguration section */

/* Begin XCConfigurationList section */
		D87BFEAE2DD7C82B00A2C327 /* Build configuration list for PBXProject "Week_2" */ = {
			isa = XCConfigurationList;
			buildConfigurations = (
				D87BFED62DD7C82E00A2C327 /* Debug */,
				D87BFED72DD7C82E00A2C327 /* Release */,
			);
			defaultConfigurationIsVisible = 0;
			defaultConfigurationName = Release;
		};
		D87BFED82DD7C82E00A2C327 /* Build configuration list for PBXNativeTarget "Week_2" */ = {
			isa = XCConfigurationList;
			buildConfigurations = (
				D87BFED92DD7C82E00A2C327 /* Debug */,
				D87BFEDA2DD7C82E00A2C327 /* Release */,
			);
			defaultConfigurationIsVisible = 0;
			defaultConfigurationName = Release;
		};
		D87BFEDB2DD7C82E00A2C327 /* Build configuration list for PBXNativeTarget "Week_2Tests" */ = {
			isa = XCConfigurationList;
			buildConfigurations = (
				D87BFEDC2DD7C82E00A2C327 /* Debug */,
				D87BFEDD2DD7C82E00A2C327 /* Release */,
			);
			defaultConfigurationIsVisible = 0;
			defaultConfigurationName = Release;
		};
		D87BFEDE2DD7C82E00A2C327 /* Build configuration list for PBXNativeTarget "Week_2UITests" */ = {
			isa = XCConfigurationList;
			buildConfigurations = (
				D87BFEDF2DD7C82E00A2C327 /* Debug */,
				D87BFEE02DD7C82E00A2C327 /* Release */,
			);
			defaultConfigurationIsVisible = 0;
			defaultConfigurationName = Release;
		};
/* End XCConfigurationList section */
	};
	rootObject = D87BFEAB2DD7C82B00A2C327 /* Project object */;
}
