// !$*UTF8*$!
{
	archiveVersion = 1;
	classes = {
	};
	objectVersion = 56;
	objects = {

/* Begin PBXBuildFile section */
		D8E47AF92E4FB5CE00DC967D /* Lab_8App.swift in Sources */ = {isa = PBXBuildFile; fileRef = D8E47AF82E4FB5CE00DC967D /* Lab_8App.swift */; };
		D8E47AFB2E4FB5CE00DC967D /* ContentView.swift in Sources */ = {isa = PBXBuildFile; fileRef = D8E47AFA2E4FB5CE00DC967D /* ContentView.swift */; };
		D8E47AFD2E4FB5CF00DC967D /* Assets.xcassets in Resources */ = {isa = PBXBuildFile; fileRef = D8E47AFC2E4FB5CF00DC967D /* Assets.xcassets */; };
		D8E47B002E4FB5CF00DC967D /* Preview Assets.xcassets in Resources */ = {isa = PBXBuildFile; fileRef = D8E47AFF2E4FB5CF00DC967D /* Preview Assets.xcassets */; };
		D8E47B0A2E4FB5D000DC967D /* Lab_8Tests.swift in Sources */ = {isa = PBXBuildFile; fileRef = D8E47B092E4FB5D000DC967D /* Lab_8Tests.swift */; };
		D8E47B142E4FB5D000DC967D /* Lab_8UITests.swift in Sources */ = {isa = PBXBuildFile; fileRef = D8E47B132E4FB5D000DC967D /* Lab_8UITests.swift */; };
		D8E47B162E4FB5D000DC967D /* Lab_8UITestsLaunchTests.swift in Sources */ = {isa = PBXBuildFile; fileRef = D8E47B152E4FB5D000DC967D /* Lab_8UITestsLaunchTests.swift */; };
		D8E47B232E4FB8D100DC967D /* DataModel.swift in Sources */ = {isa = PBXBuildFile; fileRef = D8E47B222E4FB8D100DC967D /* DataModel.swift */; };
		D8E47B252E4FB8E500DC967D /* DataViewModel.swift in Sources */ = {isa = PBXBuildFile; fileRef = D8E47B242E4FB8E500DC967D /* DataViewModel.swift */; };
/* End PBXBuildFile section */

/* Begin PBXContainerItemProxy section */
		D8E47B062E4FB5D000DC967D /* PBXContainerItemProxy */ = {
			isa = PBXContainerItemProxy;
			containerPortal = D8E47AED2E4FB5CD00DC967D /* Project object */;
			proxyType = 1;
			remoteGlobalIDString = D8E47AF42E4FB5CD00DC967D;
			remoteInfo = Lab_8;
		};
		D8E47B102E4FB5D000DC967D /* PBXContainerItemProxy */ = {
			isa = PBXContainerItemProxy;
			containerPortal = D8E47AED2E4FB5CD00DC967D /* Project object */;
			proxyType = 1;
			remoteGlobalIDString = D8E47AF42E4FB5CD00DC967D;
			remoteInfo = Lab_8;
		};
/* End PBXContainerItemProxy section */

/* Begin PBXFileReference section */
		D8E47AF52E4FB5CE00DC967D /* Lab_8.app */ = {isa = PBXFileReference; explicitFileType = wrapper.application; includeInIndex = 0; path = Lab_8.app; sourceTree = BUILT_PRODUCTS_DIR; };
		D8E47AF82E4FB5CE00DC967D /* Lab_8App.swift */ = {isa = PBXFileReference; lastKnownFileType = sourcecode.swift; path = Lab_8App.swift; sourceTree = "<group>"; };
		D8E47AFA2E4FB5CE00DC967D /* ContentView.swift */ = {isa = PBXFileReference; lastKnownFileType = sourcecode.swift; path = ContentView.swift; sourceTree = "<group>"; };
		D8E47AFC2E4FB5CF00DC967D /* Assets.xcassets */ = {isa = PBXFileReference; lastKnownFileType = folder.assetcatalog; path = Assets.xcassets; sourceTree = "<group>"; };
		D8E47AFF2E4FB5CF00DC967D /* Preview Assets.xcassets */ = {isa = PBXFileReference; lastKnownFileType = folder.assetcatalog; path = "Preview Assets.xcassets"; sourceTree = "<group>"; };
		D8E47B052E4FB5D000DC967D /* Lab_8Tests.xctest */ = {isa = PBXFileReference; explicitFileType = wrapper.cfbundle; includeInIndex = 0; path = Lab_8Tests.xctest; sourceTree = BUILT_PRODUCTS_DIR; };
		D8E47B092E4FB5D000DC967D /* Lab_8Tests.swift */ = {isa = PBXFileReference; lastKnownFileType = sourcecode.swift; path = Lab_8Tests.swift; sourceTree = "<group>"; };
		D8E47B0F2E4FB5D000DC967D /* Lab_8UITests.xctest */ = {isa = PBXFileReference; explicitFileType = wrapper.cfbundle; includeInIndex = 0; path = Lab_8UITests.xctest; sourceTree = BUILT_PRODUCTS_DIR; };
		D8E47B132E4FB5D000DC967D /* Lab_8UITests.swift */ = {isa = PBXFileReference; lastKnownFileType = sourcecode.swift; path = Lab_8UITests.swift; sourceTree = "<group>"; };
		D8E47B152E4FB5D000DC967D /* Lab_8UITestsLaunchTests.swift */ = {isa = PBXFileReference; lastKnownFileType = sourcecode.swift; path = Lab_8UITestsLaunchTests.swift; sourceTree = "<group>"; };
		D8E47B222E4FB8D100DC967D /* DataModel.swift */ = {isa = PBXFileReference; lastKnownFileType = sourcecode.swift; path = DataModel.swift; sourceTree = "<group>"; };
		D8E47B242E4FB8E500DC967D /* DataViewModel.swift */ = {isa = PBXFileReference; lastKnownFileType = sourcecode.swift; path = DataViewModel.swift; sourceTree = "<group>"; };
/* End PBXFileReference section */

/* Begin PBXFrameworksBuildPhase section */
		D8E47AF22E4FB5CD00DC967D /* Frameworks */ = {
			isa = PBXFrameworksBuildPhase;
			buildActionMask = 2147483647;
			files = (
			);
			runOnlyForDeploymentPostprocessing = 0;
		};
		D8E47B022E4FB5D000DC967D /* Frameworks */ = {
			isa = PBXFrameworksBuildPhase;
			buildActionMask = 2147483647;
			files = (
			);
			runOnlyForDeploymentPostprocessing = 0;
		};
		D8E47B0C2E4FB5D000DC967D /* Frameworks */ = {
			isa = PBXFrameworksBuildPhase;
			buildActionMask = 2147483647;
			files = (
			);
			runOnlyForDeploymentPostprocessing = 0;
		};
/* End PBXFrameworksBuildPhase section */

/* Begin PBXGroup section */
		D8E47AEC2E4FB5CD00DC967D = {
			isa = PBXGroup;
			children = (
				D8E47AF72E4FB5CE00DC967D /* Lab_8 */,
				D8E47B082E4FB5D000DC967D /* Lab_8Tests */,
				D8E47B122E4FB5D000DC967D /* Lab_8UITests */,
				D8E47AF62E4FB5CE00DC967D /* Products */,
			);
			sourceTree = "<group>";
		};
		D8E47AF62E4FB5CE00DC967D /* Products */ = {
			isa = PBXGroup;
			children = (
				D8E47AF52E4FB5CE00DC967D /* Lab_8.app */,
				D8E47B052E4FB5D000DC967D /* Lab_8Tests.xctest */,
				D8E47B0F2E4FB5D000DC967D /* Lab_8UITests.xctest */,
			);
			name = Products;
			sourceTree = "<group>";
		};
		D8E47AF72E4FB5CE00DC967D /* Lab_8 */ = {
			isa = PBXGroup;
			children = (
				D8E47AF82E4FB5CE00DC967D /* Lab_8App.swift */,
				D8E47AFA2E4FB5CE00DC967D /* ContentView.swift */,
				D8E47AFC2E4FB5CF00DC967D /* Assets.xcassets */,
				D8E47AFE2E4FB5CF00DC967D /* Preview Content */,
				D8E47B222E4FB8D100DC967D /* DataModel.swift */,
				D8E47B242E4FB8E500DC967D /* DataViewModel.swift */,
			);
			path = Lab_8;
			sourceTree = "<group>";
		};
		D8E47AFE2E4FB5CF00DC967D /* Preview Content */ = {
			isa = PBXGroup;
			children = (
				D8E47AFF2E4FB5CF00DC967D /* Preview Assets.xcassets */,
			);
			path = "Preview Content";
			sourceTree = "<group>";
		};
		D8E47B082E4FB5D000DC967D /* Lab_8Tests */ = {
			isa = PBXGroup;
			children = (
				D8E47B092E4FB5D000DC967D /* Lab_8Tests.swift */,
			);
			path = Lab_8Tests;
			sourceTree = "<group>";
		};
		D8E47B122E4FB5D000DC967D /* Lab_8UITests */ = {
			isa = PBXGroup;
			children = (
				D8E47B132E4FB5D000DC967D /* Lab_8UITests.swift */,
				D8E47B152E4FB5D000DC967D /* Lab_8UITestsLaunchTests.swift */,
			);
			path = Lab_8UITests;
			sourceTree = "<group>";
		};
/* End PBXGroup section */

/* Begin PBXNativeTarget section */
		D8E47AF42E4FB5CD00DC967D /* Lab_8 */ = {
			isa = PBXNativeTarget;
			buildConfigurationList = D8E47B192E4FB5D000DC967D /* Build configuration list for PBXNativeTarget "Lab_8" */;
			buildPhases = (
				D8E47AF12E4FB5CD00DC967D /* Sources */,
				D8E47AF22E4FB5CD00DC967D /* Frameworks */,
				D8E47AF32E4FB5CD00DC967D /* Resources */,
			);
			buildRules = (
			);
			dependencies = (
			);
			name = Lab_8;
			productName = Lab_8;
			productReference = D8E47AF52E4FB5CE00DC967D /* Lab_8.app */;
			productType = "com.apple.product-type.application";
		};
		D8E47B042E4FB5D000DC967D /* Lab_8Tests */ = {
			isa = PBXNativeTarget;
			buildConfigurationList = D8E47B1C2E4FB5D000DC967D /* Build configuration list for PBXNativeTarget "Lab_8Tests" */;
			buildPhases = (
				D8E47B012E4FB5D000DC967D /* Sources */,
				D8E47B022E4FB5D000DC967D /* Frameworks */,
				D8E47B032E4FB5D000DC967D /* Resources */,
			);
			buildRules = (
			);
			dependencies = (
				D8E47B072E4FB5D000DC967D /* PBXTargetDependency */,
			);
			name = Lab_8Tests;
			productName = Lab_8Tests;
			productReference = D8E47B052E4FB5D000DC967D /* Lab_8Tests.xctest */;
			productType = "com.apple.product-type.bundle.unit-test";
		};
		D8E47B0E2E4FB5D000DC967D /* Lab_8UITests */ = {
			isa = PBXNativeTarget;
			buildConfigurationList = D8E47B1F2E4FB5D000DC967D /* Build configuration list for PBXNativeTarget "Lab_8UITests" */;
			buildPhases = (
				D8E47B0B2E4FB5D000DC967D /* Sources */,
				D8E47B0C2E4FB5D000DC967D /* Frameworks */,
				D8E47B0D2E4FB5D000DC967D /* Resources */,
			);
			buildRules = (
			);
			dependencies = (
				D8E47B112E4FB5D000DC967D /* PBXTargetDependency */,
			);
			name = Lab_8UITests;
			productName = Lab_8UITests;
			productReference = D8E47B0F2E4FB5D000DC967D /* Lab_8UITests.xctest */;
			productType = "com.apple.product-type.bundle.ui-testing";
		};
/* End PBXNativeTarget section */

/* Begin PBXProject section */
		D8E47AED2E4FB5CD00DC967D /* Project object */ = {
			isa = PBXProject;
			attributes = {
				BuildIndependentTargetsInParallel = 1;
				LastSwiftUpdateCheck = 1540;
				LastUpgradeCheck = 1540;
				TargetAttributes = {
					D8E47AF42E4FB5CD00DC967D = {
						CreatedOnToolsVersion = 15.4;
					};
					D8E47B042E4FB5D000DC967D = {
						CreatedOnToolsVersion = 15.4;
						TestTargetID = D8E47AF42E4FB5CD00DC967D;
					};
					D8E47B0E2E4FB5D000DC967D = {
						CreatedOnToolsVersion = 15.4;
						TestTargetID = D8E47AF42E4FB5CD00DC967D;
					};
				};
			};
			buildConfigurationList = D8E47AF02E4FB5CD00DC967D /* Build configuration list for PBXProject "Lab_8" */;
			compatibilityVersion = "Xcode 14.0";
			developmentRegion = en;
			hasScannedForEncodings = 0;
			knownRegions = (
				en,
				Base,
			);
			mainGroup = D8E47AEC2E4FB5CD00DC967D;
			productRefGroup = D8E47AF62E4FB5CE00DC967D /* Products */;
			projectDirPath = "";
			projectRoot = "";
			targets = (
				D8E47AF42E4FB5CD00DC967D /* Lab_8 */,
				D8E47B042E4FB5D000DC967D /* Lab_8Tests */,
				D8E47B0E2E4FB5D000DC967D /* Lab_8UITests */,
			);
		};
/* End PBXProject section */

/* Begin PBXResourcesBuildPhase section */
		D8E47AF32E4FB5CD00DC967D /* Resources */ = {
			isa = PBXResourcesBuildPhase;
			buildActionMask = 2147483647;
			files = (
				D8E47B002E4FB5CF00DC967D /* Preview Assets.xcassets in Resources */,
				D8E47AFD2E4FB5CF00DC967D /* Assets.xcassets in Resources */,
			);
			runOnlyForDeploymentPostprocessing = 0;
		};
		D8E47B032E4FB5D000DC967D /* Resources */ = {
			isa = PBXResourcesBuildPhase;
			buildActionMask = 2147483647;
			files = (
			);
			runOnlyForDeploymentPostprocessing = 0;
		};
		D8E47B0D2E4FB5D000DC967D /* Resources */ = {
			isa = PBXResourcesBuildPhase;
			buildActionMask = 2147483647;
			files = (
			);
			runOnlyForDeploymentPostprocessing = 0;
		};
/* End PBXResourcesBuildPhase section */

/* Begin PBXSourcesBuildPhase section */
		D8E47AF12E4FB5CD00DC967D /* Sources */ = {
			isa = PBXSourcesBuildPhase;
			buildActionMask = 2147483647;
			files = (
				D8E47B252E4FB8E500DC967D /* DataViewModel.swift in Sources */,
				D8E47B232E4FB8D100DC967D /* DataModel.swift in Sources */,
				D8E47AFB2E4FB5CE00DC967D /* ContentView.swift in Sources */,
				D8E47AF92E4FB5CE00DC967D /* Lab_8App.swift in Sources */,
			);
			runOnlyForDeploymentPostprocessing = 0;
		};
		D8E47B012E4FB5D000DC967D /* Sources */ = {
			isa = PBXSourcesBuildPhase;
			buildActionMask = 2147483647;
			files = (
				D8E47B0A2E4FB5D000DC967D /* Lab_8Tests.swift in Sources */,
			);
			runOnlyForDeploymentPostprocessing = 0;
		};
		D8E47B0B2E4FB5D000DC967D /* Sources */ = {
			isa = PBXSourcesBuildPhase;
			buildActionMask = 2147483647;
			files = (
				D8E47B142E4FB5D000DC967D /* Lab_8UITests.swift in Sources */,
				D8E47B162E4FB5D000DC967D /* Lab_8UITestsLaunchTests.swift in Sources */,
			);
			runOnlyForDeploymentPostprocessing = 0;
		};
/* End PBXSourcesBuildPhase section */

/* Begin PBXTargetDependency section */
		D8E47B072E4FB5D000DC967D /* PBXTargetDependency */ = {
			isa = PBXTargetDependency;
			target = D8E47AF42E4FB5CD00DC967D /* Lab_8 */;
			targetProxy = D8E47B062E4FB5D000DC967D /* PBXContainerItemProxy */;
		};
		D8E47B112E4FB5D000DC967D /* PBXTargetDependency */ = {
			isa = PBXTargetDependency;
			target = D8E47AF42E4FB5CD00DC967D /* Lab_8 */;
			targetProxy = D8E47B102E4FB5D000DC967D /* PBXContainerItemProxy */;
		};
/* End PBXTargetDependency section */

/* Begin XCBuildConfiguration section */
		D8E47B172E4FB5D000DC967D /* Debug */ = {
			isa = XCBuildConfiguration;
			buildSettings = {
				ALWAYS_SEARCH_USER_PATHS = NO;
				ASSETCATALOG_COMPILER_GENERATE_SWIFT_ASSET_SYMBOL_EXTENSIONS = YES;
				CLANG_ANALYZER_NONNULL = YES;
				CLANG_ANALYZER_NUMBER_OBJECT_CONVERSION = YES_AGGRESSIVE;
				CLANG_CXX_LANGUAGE_STANDARD = "gnu++20";
				CLANG_ENABLE_MODULES = YES;
				CLANG_ENABLE_OBJC_ARC = YES;
				CLANG_ENABLE_OBJC_WEAK = YES;
				CLANG_WARN_BLOCK_CAPTURE_AUTORELEASING = YES;
				CLANG_WARN_BOOL_CONVERSION = YES;
				CLANG_WARN_COMMA = YES;
				CLANG_WARN_CONSTANT_CONVERSION = YES;
				CLANG_WARN_DEPRECATED_OBJC_IMPLEMENTATIONS = YES;
				CLANG_WARN_DIRECT_OBJC_ISA_USAGE = YES_ERROR;
				CLANG_WARN_DOCUMENTATION_COMMENTS = YES;
				CLANG_WARN_EMPTY_BODY = YES;
				CLANG_WARN_ENUM_CONVERSION = YES;
				CLANG_WARN_INFINITE_RECURSION = YES;
				CLANG_WARN_INT_CONVERSION = YES;
				CLANG_WARN_NON_LITERAL_NULL_CONVERSION = YES;
				CLANG_WARN_OBJC_IMPLICIT_RETAIN_SELF = YES;
				CLANG_WARN_OBJC_LITERAL_CONVERSION = YES;
				CLANG_WARN_OBJC_ROOT_CLASS = YES_ERROR;
				CLANG_WARN_QUOTED_INCLUDE_IN_FRAMEWORK_HEADER = YES;
				CLANG_WARN_RANGE_LOOP_ANALYSIS = YES;
				CLANG_WARN_STRICT_PROTOTYPES = YES;
				CLANG_WARN_SUSPICIOUS_MOVE = YES;
				CLANG_WARN_UNGUARDED_AVAILABILITY = YES_AGGRESSIVE;
				CLANG_WARN_UNREACHABLE_CODE = YES;
				CLANG_WARN__DUPLICATE_METHOD_MATCH = YES;
				COPY_PHASE_STRIP = NO;
				DEBUG_INFORMATION_FORMAT = dwarf;
				ENABLE_STRICT_OBJC_MSGSEND = YES;
				ENABLE_TESTABILITY = YES;
				ENABLE_USER_SCRIPT_SANDBOXING = YES;
				GCC_C_LANGUAGE_STANDARD = gnu17;
				GCC_DYNAMIC_NO_PIC = NO;
				GCC_NO_COMMON_BLOCKS = YES;
				GCC_OPTIMIZATION_LEVEL = 0;
				GCC_PREPROCESSOR_DEFINITIONS = (
					"DEBUG=1",
					"$(inherited)",
				);
				GCC_WARN_64_TO_32_BIT_CONVERSION = YES;
				GCC_WARN_ABOUT_RETURN_TYPE = YES_ERROR;
				GCC_WARN_UNDECLARED_SELECTOR = YES;
				GCC_WARN_UNINITIALIZED_AUTOS = YES_AGGRESSIVE;
				GCC_WARN_UNUSED_FUNCTION = YES;
				GCC_WARN_UNUSED_VARIABLE = YES;
				IPHONEOS_DEPLOYMENT_TARGET = 17.5;
				LOCALIZATION_PREFERS_STRING_CATALOGS = YES;
				MTL_ENABLE_DEBUG_INFO = INCLUDE_SOURCE;
				MTL_FAST_MATH = YES;
				ONLY_ACTIVE_ARCH = YES;
				SDKROOT = iphoneos;
				SWIFT_ACTIVE_COMPILATION_CONDITIONS = "DEBUG $(inherited)";
				SWIFT_OPTIMIZATION_LEVEL = "-Onone";
			};
			name = Debug;
		};
		D8E47B182E4FB5D000DC967D /* Release */ = {
			isa = XCBuildConfiguration;
			buildSettings = {
				ALWAYS_SEARCH_USER_PATHS = NO;
				ASSETCATALOG_COMPILER_GENERATE_SWIFT_ASSET_SYMBOL_EXTENSIONS = YES;
				CLANG_ANALYZER_NONNULL = YES;
				CLANG_ANALYZER_NUMBER_OBJECT_CONVERSION = YES_AGGRESSIVE;
				CLANG_CXX_LANGUAGE_STANDARD = "gnu++20";
				CLANG_ENABLE_MODULES = YES;
				CLANG_ENABLE_OBJC_ARC = YES;
				CLANG_ENABLE_OBJC_WEAK = YES;
				CLANG_WARN_BLOCK_CAPTURE_AUTORELEASING = YES;
				CLANG_WARN_BOOL_CONVERSION = YES;
				CLANG_WARN_COMMA = YES;
				CLANG_WARN_CONSTANT_CONVERSION = YES;
				CLANG_WARN_DEPRECATED_OBJC_IMPLEMENTATIONS = YES;
				CLANG_WARN_DIRECT_OBJC_ISA_USAGE = YES_ERROR;
				CLANG_WARN_DOCUMENTATION_COMMENTS = YES;
				CLANG_WARN_EMPTY_BODY = YES;
				CLANG_WARN_ENUM_CONVERSION = YES;
				CLANG_WARN_INFINITE_RECURSION = YES;
				CLANG_WARN_INT_CONVERSION = YES;
				CLANG_WARN_NON_LITERAL_NULL_CONVERSION = YES;
				CLANG_WARN_OBJC_IMPLICIT_RETAIN_SELF = YES;
				CLANG_WARN_OBJC_LITERAL_CONVERSION = YES;
				CLANG_WARN_OBJC_ROOT_CLASS = YES_ERROR;
				CLANG_WARN_QUOTED_INCLUDE_IN_FRAMEWORK_HEADER = YES;
				CLANG_WARN_RANGE_LOOP_ANALYSIS = YES;
				CLANG_WARN_STRICT_PROTOTYPES = YES;
				CLANG_WARN_SUSPICIOUS_MOVE = YES;
				CLANG_WARN_UNGUARDED_AVAILABILITY = YES_AGGRESSIVE;
				CLANG_WARN_UNREACHABLE_CODE = YES;
				CLANG_WARN__DUPLICATE_METHOD_MATCH = YES;
				COPY_PHASE_STRIP = NO;
				DEBUG_INFORMATION_FORMAT = "dwarf-with-dsym";
				ENABLE_NS_ASSERTIONS = NO;
				ENABLE_STRICT_OBJC_MSGSEND = YES;
				ENABLE_USER_SCRIPT_SANDBOXING = YES;
				GCC_C_LANGUAGE_STANDARD = gnu17;
				GCC_NO_COMMON_BLOCKS = YES;
				GCC_WARN_64_TO_32_BIT_CONVERSION = YES;
				GCC_WARN_ABOUT_RETURN_TYPE = YES_ERROR;
				GCC_WARN_UNDECLARED_SELECTOR = YES;
				GCC_WARN_UNINITIALIZED_AUTOS = YES_AGGRESSIVE;
				GCC_WARN_UNUSED_FUNCTION = YES;
				GCC_WARN_UNUSED_VARIABLE = YES;
				IPHONEOS_DEPLOYMENT_TARGET = 17.5;
				LOCALIZATION_PREFERS_STRING_CATALOGS = YES;
				MTL_ENABLE_DEBUG_INFO = NO;
				MTL_FAST_MATH = YES;
				SDKROOT = iphoneos;
				SWIFT_COMPILATION_MODE = wholemodule;
				VALIDATE_PRODUCT = YES;
			};
			name = Release;
		};
		D8E47B1A2E4FB5D000DC967D /* Debug */ = {
			isa = XCBuildConfiguration;
			buildSettings = {
				ASSETCATALOG_COMPILER_APPICON_NAME = AppIcon;
				ASSETCATALOG_COMPILER_GLOBAL_ACCENT_COLOR_NAME = AccentColor;
				CODE_SIGN_STYLE = Automatic;
				CURRENT_PROJECT_VERSION = 1;
				DEVELOPMENT_ASSET_PATHS = "\"Lab_8/Preview Content\"";
				ENABLE_PREVIEWS = YES;
				GENERATE_INFOPLIST_FILE = YES;
				INFOPLIST_KEY_UIApplicationSceneManifest_Generation = YES;
				INFOPLIST_KEY_UIApplicationSupportsIndirectInputEvents = YES;
				INFOPLIST_KEY_UILaunchScreen_Generation = YES;
				INFOPLIST_KEY_UISupportedInterfaceOrientations_iPad = "UIInterfaceOrientationPortrait UIInterfaceOrientationPortraitUpsideDown UIInterfaceOrientationLandscapeLeft UIInterfaceOrientationLandscapeRight";
				INFOPLIST_KEY_UISupportedInterfaceOrientations_iPhone = "UIInterfaceOrientationPortrait UIInterfaceOrientationLandscapeLeft UIInterfaceOrientationLandscapeRight";
				LD_RUNPATH_SEARCH_PATHS = (
					"$(inherited)",
					"@executable_path/Frameworks",
				);
				MARKETING_VERSION = 1.0;
				PRODUCT_BUNDLE_IDENTIFIER = "yatin.ca.Lab-8";
				PRODUCT_NAME = "$(TARGET_NAME)";
				SWIFT_EMIT_LOC_STRINGS = YES;
				SWIFT_VERSION = 5.0;
				TARGETED_DEVICE_FAMILY = "1,2";
			};
			name = Debug;
		};
		D8E47B1B2E4FB5D000DC967D /* Release */ = {
			isa = XCBuildConfiguration;
			buildSettings = {
				ASSETCATALOG_COMPILER_APPICON_NAME = AppIcon;
				ASSETCATALOG_COMPILER_GLOBAL_ACCENT_COLOR_NAME = AccentColor;
				CODE_SIGN_STYLE = Automatic;
				CURRENT_PROJECT_VERSION = 1;
				DEVELOPMENT_ASSET_PATHS = "\"Lab_8/Preview Content\"";
				ENABLE_PREVIEWS = YES;
				GENERATE_INFOPLIST_FILE = YES;
				INFOPLIST_KEY_UIApplicationSceneManifest_Generation = YES;
				INFOPLIST_KEY_UIApplicationSupportsIndirectInputEvents = YES;
				INFOPLIST_KEY_UILaunchScreen_Generation = YES;
				INFOPLIST_KEY_UISupportedInterfaceOrientations_iPad = "UIInterfaceOrientationPortrait UIInterfaceOrientationPortraitUpsideDown UIInterfaceOrientationLandscapeLeft UIInterfaceOrientationLandscapeRight";
				INFOPLIST_KEY_UISupportedInterfaceOrientations_iPhone = "UIInterfaceOrientationPortrait UIInterfaceOrientationLandscapeLeft UIInterfaceOrientationLandscapeRight";
				LD_RUNPATH_SEARCH_PATHS = (
					"$(inherited)",
					"@executable_path/Frameworks",
				);
				MARKETING_VERSION = 1.0;
				PRODUCT_BUNDLE_IDENTIFIER = "yatin.ca.Lab-8";
				PRODUCT_NAME = "$(TARGET_NAME)";
				SWIFT_EMIT_LOC_STRINGS = YES;
				SWIFT_VERSION = 5.0;
				TARGETED_DEVICE_FAMILY = "1,2";
			};
			name = Release;
		};
		D8E47B1D2E4FB5D000DC967D /* Debug */ = {
			isa = XCBuildConfiguration;
			buildSettings = {
				ALWAYS_EMBED_SWIFT_STANDARD_LIBRARIES = YES;
				BUNDLE_LOADER = "$(TEST_HOST)";
				CODE_SIGN_STYLE = Automatic;
				CURRENT_PROJECT_VERSION = 1;
				GENERATE_INFOPLIST_FILE = YES;
				IPHONEOS_DEPLOYMENT_TARGET = 17.5;
				MARKETING_VERSION = 1.0;
				PRODUCT_BUNDLE_IDENTIFIER = "yatin.ca.Lab-8Tests";
				PRODUCT_NAME = "$(TARGET_NAME)";
				SWIFT_EMIT_LOC_STRINGS = NO;
				SWIFT_VERSION = 5.0;
				TARGETED_DEVICE_FAMILY = "1,2";
				TEST_HOST = "$(BUILT_PRODUCTS_DIR)/Lab_8.app/$(BUNDLE_EXECUTABLE_FOLDER_PATH)/Lab_8";
			};
			name = Debug;
		};
		D8E47B1E2E4FB5D000DC967D /* Release */ = {
			isa = XCBuildConfiguration;
			buildSettings = {
				ALWAYS_EMBED_SWIFT_STANDARD_LIBRARIES = YES;
				BUNDLE_LOADER = "$(TEST_HOST)";
				CODE_SIGN_STYLE = Automatic;
				CURRENT_PROJECT_VERSION = 1;
				GENERATE_INFOPLIST_FILE = YES;
				IPHONEOS_DEPLOYMENT_TARGET = 17.5;
				MARKETING_VERSION = 1.0;
				PRODUCT_BUNDLE_IDENTIFIER = "yatin.ca.Lab-8Tests";
				PRODUCT_NAME = "$(TARGET_NAME)";
				SWIFT_EMIT_LOC_STRINGS = NO;
				SWIFT_VERSION = 5.0;
				TARGETED_DEVICE_FAMILY = "1,2";
				TEST_HOST = "$(BUILT_PRODUCTS_DIR)/Lab_8.app/$(BUNDLE_EXECUTABLE_FOLDER_PATH)/Lab_8";
			};
			name = Release;
		};
		D8E47B202E4FB5D000DC967D /* Debug */ = {
			isa = XCBuildConfiguration;
			buildSettings = {
				ALWAYS_EMBED_SWIFT_STANDARD_LIBRARIES = YES;
				CODE_SIGN_STYLE = Automatic;
				CURRENT_PROJECT_VERSION = 1;
				GENERATE_INFOPLIST_FILE = YES;
				MARKETING_VERSION = 1.0;
				PRODUCT_BUNDLE_IDENTIFIER = "yatin.ca.Lab-8UITests";
				PRODUCT_NAME = "$(TARGET_NAME)";
				SWIFT_EMIT_LOC_STRINGS = NO;
				SWIFT_VERSION = 5.0;
				TARGETED_DEVICE_FAMILY = "1,2";
				TEST_TARGET_NAME = Lab_8;
			};
			name = Debug;
		};
		D8E47B212E4FB5D000DC967D /* Release */ = {
			isa = XCBuildConfiguration;
			buildSettings = {
				ALWAYS_EMBED_SWIFT_STANDARD_LIBRARIES = YES;
				CODE_SIGN_STYLE = Automatic;
				CURRENT_PROJECT_VERSION = 1;
				GENERATE_INFOPLIST_FILE = YES;
				MARKETING_VERSION = 1.0;
				PRODUCT_BUNDLE_IDENTIFIER = "yatin.ca.Lab-8UITests";
				PRODUCT_NAME = "$(TARGET_NAME)";
				SWIFT_EMIT_LOC_STRINGS = NO;
				SWIFT_VERSION = 5.0;
				TARGETED_DEVICE_FAMILY = "1,2";
				TEST_TARGET_NAME = Lab_8;
			};
			name = Release;
		};
/* End XCBuildConfiguration section */

/* Begin XCConfigurationList section */
		D8E47AF02E4FB5CD00DC967D /* Build configuration list for PBXProject "Lab_8" */ = {
			isa = XCConfigurationList;
			buildConfigurations = (
				D8E47B172E4FB5D000DC967D /* Debug */,
				D8E47B182E4FB5D000DC967D /* Release */,
			);
			defaultConfigurationIsVisible = 0;
			defaultConfigurationName = Release;
		};
		D8E47B192E4FB5D000DC967D /* Build configuration list for PBXNativeTarget "Lab_8" */ = {
			isa = XCConfigurationList;
			buildConfigurations = (
				D8E47B1A2E4FB5D000DC967D /* Debug */,
				D8E47B1B2E4FB5D000DC967D /* Release */,
			);
			defaultConfigurationIsVisible = 0;
			defaultConfigurationName = Release;
		};
		D8E47B1C2E4FB5D000DC967D /* Build configuration list for PBXNativeTarget "Lab_8Tests" */ = {
			isa = XCConfigurationList;
			buildConfigurations = (
				D8E47B1D2E4FB5D000DC967D /* Debug */,
				D8E47B1E2E4FB5D000DC967D /* Release */,
			);
			defaultConfigurationIsVisible = 0;
			defaultConfigurationName = Release;
		};
		D8E47B1F2E4FB5D000DC967D /* Build configuration list for PBXNativeTarget "Lab_8UITests" */ = {
			isa = XCConfigurationList;
			buildConfigurations = (
				D8E47B202E4FB5D000DC967D /* Debug */,
				D8E47B212E4FB5D000DC967D /* Release */,
			);
			defaultConfigurationIsVisible = 0;
			defaultConfigurationName = Release;
		};
/* End XCConfigurationList section */
	};
	rootObject = D8E47AED2E4FB5CD00DC967D /* Project object */;
}
